
Microsoft Visual Studio Solution File, Format Version 12.00
# Visual Studio Version 17
VisualStudioVersion = 17.14.36221.1 d17.14
MinimumVisualStudioVersion = 10.0.40219.1
Project("{FAE04EC0-301F-11D3-BF4B-00C04F79EFBC}") = "WeekPayCalc", "WeekPayCalc.csproj", "{B676EA01-11C0-43C1-A25B-DF80E97BBDCE}"
EndProject
Global
	GlobalSection(SolutionConfigurationPlatforms) = preSolution
		Debug|Any CPU = Debug|Any CPU
		Release|Any CPU = Release|Any CPU
	EndGlobalSection
	GlobalSection(ProjectConfigurationPlatforms) = postSolution
		{B676EA01-11C0-43C1-A25B-DF80E97BBDCE}.Debug|Any CPU.ActiveCfg = Debug|Any CPU
		{B676EA01-11C0-43C1-A25B-DF80E97BBDCE}.Debug|Any CPU.Build.0 = Debug|Any CPU
		{B676EA01-11C0-43C1-A25B-DF80E97BBDCE}.Release|Any CPU.ActiveCfg = Release|Any CPU
		{B676EA01-11C0-43C1-A25B-DF80E97BBDCE}.Release|Any CPU.Build.0 = Release|Any CPU
	EndGlobalSection
	GlobalSection(SolutionProperties) = preSolution
		HideSolutionNode = FALSE
	EndGlobalSection
	GlobalSection(ExtensibilityGlobals) = postSolution
		SolutionGuid = {A2CD8899-5074-4EBB-8C0A-F048FF371851}
	EndGlobalSection
EndGlobal
